
Microsoft Visual Studio Solution File, Format Version 12.00
# Visual Studio Version 17
VisualStudioVersion = 17.5.33502.453
MinimumVisualStudioVersion = 10.0.40219.1
Project("{FAE04EC0-301F-11D3-BF4B-00C04F79EFBC}") = "MathTricks", "MathTricks\MathTricks.csproj", "{4E80E7FC-F910-4B15-BEAD-D852B4508BAA}"
EndProject
Global
	GlobalSection(SolutionConfigurationPlatforms) = preSolution
		Debug|Any CPU = Debug|Any CPU
		Release|Any CPU = Release|Any CPU
	EndGlobalSection
	GlobalSection(ProjectConfigurationPlatforms) = postSolution
		{4E80E7FC-F910-4B15-BEAD-D852B4508BAA}.Debug|Any CPU.ActiveCfg = Debug|Any CPU
		{4E80E7FC-F910-4B15-BEAD-D852B4508BAA}.Debug|Any CPU.Build.0 = Debug|Any CPU
		{4E80E7FC-F910-4B15-BEAD-D852B4508BAA}.Release|Any CPU.ActiveCfg = Release|Any CPU
		{4E80E7FC-F910-4B15-BEAD-D852B4508BAA}.Release|Any CPU.Build.0 = Release|Any CPU
	EndGlobalSection
	GlobalSection(SolutionProperties) = preSolution
		HideSolutionNode = FALSE
	EndGlobalSection
	GlobalSection(ExtensibilityGlobals) = postSolution
		SolutionGuid = {F3D661D0-BF9B-43CB-9DAA-17CFDB9C186A}
	EndGlobalSection
EndGlobal
